
Microsoft Visual Studio Solution File, Format Version 12.00
# Visual Studio 15
VisualStudioVersion = 15.0.28307.168
MinimumVisualStudioVersion = 10.0.40219.1
Project("{FAE04EC0-301F-11D3-BF4B-00C04F79EFBC}") = "SRESplitter", "SRESplitter\SRESplitter.csproj", "{1BFC75A4-BE0C-43A8-8185-37FC4AF5158A}"
EndProject
Project("{FAE04EC0-301F-11D3-BF4B-00C04F79EFBC}") = "SRECombiner", "SRECombiner\SRECombiner.csproj", "{3E2DF68F-9C71-4C03-B195-2EB8B1D5FA24}"
EndProject
Global
	GlobalSection(SolutionConfigurationPlatforms) = preSolution
		Debug|Any CPU = Debug|Any CPU
		Release|Any CPU = Release|Any CPU
	EndGlobalSection
	GlobalSection(ProjectConfigurationPlatforms) = postSolution
		{1BFC75A4-BE0C-43A8-8185-37FC4AF5158A}.Debug|Any CPU.ActiveCfg = Debug|Any CPU
		{1BFC75A4-BE0C-43A8-8185-37FC4AF5158A}.Debug|Any CPU.Build.0 = Debug|Any CPU
		{1BFC75A4-BE0C-43A8-8185-37FC4AF5158A}.Release|Any CPU.ActiveCfg = Release|Any CPU
		{1BFC75A4-BE0C-43A8-8185-37FC4AF5158A}.Release|Any CPU.Build.0 = Release|Any CPU
		{3E2DF68F-9C71-4C03-B195-2EB8B1D5FA24}.Debug|Any CPU.ActiveCfg = Debug|Any CPU
		{3E2DF68F-9C71-4C03-B195-2EB8B1D5FA24}.Debug|Any CPU.Build.0 = Debug|Any CPU
		{3E2DF68F-9C71-4C03-B195-2EB8B1D5FA24}.Release|Any CPU.ActiveCfg = Release|Any CPU
		{3E2DF68F-9C71-4C03-B195-2EB8B1D5FA24}.Release|Any CPU.Build.0 = Release|Any CPU
	EndGlobalSection
	GlobalSection(SolutionProperties) = preSolution
		HideSolutionNode = FALSE
	EndGlobalSection
	GlobalSection(ExtensibilityGlobals) = postSolution
		SolutionGuid = {EA156C1E-46B9-4FD7-A974-DAB599C33F2F}
	EndGlobalSection
EndGlobal
